
Microsoft Visual Studio Solution File, Format Version 12.00
# Visual Studio Version 17
VisualStudioVersion = 17.9.34728.123
MinimumVisualStudioVersion = 10.0.40219.1
Project("{FAE04EC0-301F-11D3-BF4B-00C04F79EFBC}") = "Social Media Project", "Social Media Project.csproj", "{BC0FD17E-572D-4D86-9B3C-F4FB623A1546}"
EndProject
Global
	GlobalSection(SolutionConfigurationPlatforms) = preSolution
		Debug|Any CPU = Debug|Any CPU
		Release|Any CPU = Release|Any CPU
	EndGlobalSection
	GlobalSection(ProjectConfigurationPlatforms) = postSolution
		{BC0FD17E-572D-4D86-9B3C-F4FB623A1546}.Debug|Any CPU.ActiveCfg = Debug|Any CPU
		{BC0FD17E-572D-4D86-9B3C-F4FB623A1546}.Debug|Any CPU.Build.0 = Debug|Any CPU
		{BC0FD17E-572D-4D86-9B3C-F4FB623A1546}.Release|Any CPU.ActiveCfg = Release|Any CPU
		{BC0FD17E-572D-4D86-9B3C-F4FB623A1546}.Release|Any CPU.Build.0 = Release|Any CPU
	EndGlobalSection
	GlobalSection(SolutionProperties) = preSolution
		HideSolutionNode = FALSE
	EndGlobalSection
	GlobalSection(ExtensibilityGlobals) = postSolution
		SolutionGuid = {D4DCF99B-872D-4D88-916E-439D34C21FC4}
	EndGlobalSection
EndGlobal
